# This file is autogenerated, do not edit; changes may be undone by the next 'dep ensure'.


[[projects]]
  name = "github.com/go-chi/chi"
  packages = ["."]
  revision = "624e6e12e9bc3b3073f539dab52abecdec01d769"

[[projects]]
  name = "github.com/robfig/cron"
  packages = ["."]
  revision = "736158dc09e10f1911ca3a1e1b01f11b566ce5db"

[[projects]]
  name = "github.com/sirupsen/logrus"
  packages = ["."]
  revision = "89742aefa4b206dcf400792f3bd35b542998eb3b"

[[projects]]
  branch = "master"
  name = "github.com/strava/go.strava"
  packages = ["."]
  revision = "f5c7cee1038b80d25e3d262208d295c10ca2ac4b"

[[projects]]
  name = "golang.org/x/crypto"
  packages = ["ssh/terminal"]
  revision = "7d9177d70076375b9a59c8fde23d52d9c4a7ecd5"

[[projects]]
  name = "golang.org/x/sys"
  packages = [
    "unix",
    "windows"
  ]
  revision = "429f518978ab01db8bb6f44b66785088e7fba58b"

[[projects]]
  branch = "v2"
  name = "gopkg.in/mgo.v2"
  packages = [
    ".",
    "bson",
    "internal/json",
    "internal/sasl",
    "internal/scram"
  ]
  revision = "3f83fa5005286a7fe593b055f0d7771a7dce4655"

[solve-meta]
  analyzer-name = "dep"
  analyzer-version = 1
  inputs-digest = "daaffacb22506d08757cbaa54f6cb92ab54a9ddfe831dad09934fbc734b94195"
  solver-name = "gps-cdcl"
  solver-version = 1
